PODS:
  - Alamofire (5.9.0)
  - CryptoSwift (1.8.1)
  - MMKV (1.3.3):
    - MMKVCore (~> 1.3.3)
  - MMKVCore (1.3.3)
  - Moya (15.0.0):
    - Moya/Core (= 15.0.0)
  - Moya/Core (15.0.0):
    - Alamofire (~> 5.0)
  - RxCocoa (6.6.0):
    - RxRelay (= 6.6.0)
    - RxSwift (= 6.6.0)
  - RxRelay (6.6.0):
    - RxSwift (= 6.6.0)
  - RxSwift (6.6.0)
  - SDWebImage (5.18.11):
    - SDWebImage/Core (= 5.18.11)
  - SDWebImage/Core (5.18.11)
  - SwiftGen (6.6.3)

DEPENDENCIES:
  - CryptoSwift
  - MMKV
  - Moya
  - RxCocoa
  - RxSwift
  - SDWebImage
  - SwiftGen

SPEC REPOS:
  trunk:
    - Alamofire
    - CryptoSwift
    - MMKV
    - MMKVCore
    - Moya
    - RxCocoa
    - RxRelay
    - RxSwift
    - SDWebImage
    - SwiftGen

SPEC CHECKSUMS:
  Alamofire: 02b772c9910e8eba1a079227c32fbd9e46c90a24
  CryptoSwift: b9c701d6f5011df23794dbf7f2e480a77835d83d
  MMKV: f902fb6719da13c2ab0965233d8963a59416f911
  MMKVCore: d26e4d3edd5cb8588c2569222cbd8be4231374e9
  Moya: 138f0573e53411fb3dc17016add0b748dfbd78ee
  RxCocoa: 44a80de90e25b739b5aeaae3c8c371a32e3343cc
  RxRelay: 45eaa5db8ee4fb50e5ebd57deec0159e97fa51e6
  RxSwift: a4b44f7d24599f674deebd1818eab82e58410632
  SDWebImage: a3ba0b8faac7228c3c8eadd1a55c9c9fe5e16457
  SwiftGen: 4993cbf71cbc4886f775e26f8d5c3a1188ec9f99

PODFILE CHECKSUM: 40cd19fcf6857962d0b63c9bf7ed3ba23b09e6d0

COCOAPODS: 1.14.3
